
Microsoft Visual Studio Solution File, Format Version 12.00
# Visual Studio Version 17
VisualStudioVersion = 17.2.32516.85
MinimumVisualStudioVersion = 10.0.40219.1
Project("{FAE04EC0-301F-11D3-BF4B-00C04F79EFBC}") = "Proyecto1_DS1.Android", "Proyecto1_DS1\Proyecto1_DS1.Android\Proyecto1_DS1.Android.csproj", "{33EE46C4-C56E-45F4-B7DD-143390F98049}"
EndProject
Project("{FAE04EC0-301F-11D3-BF4B-00C04F79EFBC}") = "Proyecto1_DS1.iOS", "Proyecto1_DS1\Proyecto1_DS1.iOS\Proyecto1_DS1.iOS.csproj", "{67CA939C-0975-4D22-856C-E9B5A24755D2}"
EndProject
Project("{FAE04EC0-301F-11D3-BF4B-00C04F79EFBC}") = "Proyecto1_DS1", "Proyecto1_DS1\Proyecto1_DS1\Proyecto1_DS1.csproj", "{A85410FE-F776-4760-AD75-B89D23A4E4F9}"
EndProject
Global
	GlobalSection(SolutionConfigurationPlatforms) = preSolution
		Debug|Any CPU = Debug|Any CPU
		Debug|iPhone = Debug|iPhone
		Debug|iPhoneSimulator = Debug|iPhoneSimulator
		Release|Any CPU = Release|Any CPU
		Release|iPhone = Release|iPhone
		Release|iPhoneSimulator = Release|iPhoneSimulator
	EndGlobalSection
	GlobalSection(ProjectConfigurationPlatforms) = postSolution
		{33EE46C4-C56E-45F4-B7DD-143390F98049}.Debug|Any CPU.ActiveCfg = Debug|Any CPU
		{33EE46C4-C56E-45F4-B7DD-143390F98049}.Debug|Any CPU.Build.0 = Debug|Any CPU
		{33EE46C4-C56E-45F4-B7DD-143390F98049}.Debug|Any CPU.Deploy.0 = Debug|Any CPU
		{33EE46C4-C56E-45F4-B7DD-143390F98049}.Debug|iPhone.ActiveCfg = Debug|Any CPU
		{33EE46C4-C56E-45F4-B7DD-143390F98049}.Debug|iPhone.Build.0 = Debug|Any CPU
		{33EE46C4-C56E-45F4-B7DD-143390F98049}.Debug|iPhone.Deploy.0 = Debug|Any CPU
		{33EE46C4-C56E-45F4-B7DD-143390F98049}.Debug|iPhoneSimulator.ActiveCfg = Debug|Any CPU
		{33EE46C4-C56E-45F4-B7DD-143390F98049}.Debug|iPhoneSimulator.Build.0 = Debug|Any CPU
		{33EE46C4-C56E-45F4-B7DD-143390F98049}.Debug|iPhoneSimulator.Deploy.0 = Debug|Any CPU
		{33EE46C4-C56E-45F4-B7DD-143390F98049}.Release|Any CPU.ActiveCfg = Release|Any CPU
		{33EE46C4-C56E-45F4-B7DD-143390F98049}.Release|Any CPU.Build.0 = Release|Any CPU
		{33EE46C4-C56E-45F4-B7DD-143390F98049}.Release|Any CPU.Deploy.0 = Release|Any CPU
		{33EE46C4-C56E-45F4-B7DD-143390F98049}.Release|iPhone.ActiveCfg = Release|Any CPU
		{33EE46C4-C56E-45F4-B7DD-143390F98049}.Release|iPhone.Build.0 = Release|Any CPU
		{33EE46C4-C56E-45F4-B7DD-143390F98049}.Release|iPhone.Deploy.0 = Release|Any CPU
		{33EE46C4-C56E-45F4-B7DD-143390F98049}.Release|iPhoneSimulator.ActiveCfg = Release|Any CPU
		{33EE46C4-C56E-45F4-B7DD-143390F98049}.Release|iPhoneSimulator.Build.0 = Release|Any CPU
		{33EE46C4-C56E-45F4-B7DD-143390F98049}.Release|iPhoneSimulator.Deploy.0 = Release|Any CPU
		{67CA939C-0975-4D22-856C-E9B5A24755D2}.Debug|Any CPU.ActiveCfg = Debug|iPhone
		{67CA939C-0975-4D22-856C-E9B5A24755D2}.Debug|Any CPU.Build.0 = Debug|iPhone
		{67CA939C-0975-4D22-856C-E9B5A24755D2}.Debug|Any CPU.Deploy.0 = Debug|iPhone
		{67CA939C-0975-4D22-856C-E9B5A24755D2}.Debug|iPhone.ActiveCfg = Debug|iPhone
		{67CA939C-0975-4D22-856C-E9B5A24755D2}.Debug|iPhone.Build.0 = Debug|iPhone
		{67CA939C-0975-4D22-856C-E9B5A24755D2}.Debug|iPhone.Deploy.0 = Debug|iPhone
		{67CA939C-0975-4D22-856C-E9B5A24755D2}.Debug|iPhoneSimulator.ActiveCfg = Debug|iPhoneSimulator
		{67CA939C-0975-4D22-856C-E9B5A24755D2}.Debug|iPhoneSimulator.Build.0 = Debug|iPhoneSimulator
		{67CA939C-0975-4D22-856C-E9B5A24755D2}.Debug|iPhoneSimulator.Deploy.0 = Debug|iPhoneSimulator
		{67CA939C-0975-4D22-856C-E9B5A24755D2}.Release|Any CPU.ActiveCfg = Release|iPhoneSimulator
		{67CA939C-0975-4D22-856C-E9B5A24755D2}.Release|Any CPU.Build.0 = Release|iPhoneSimulator
		{67CA939C-0975-4D22-856C-E9B5A24755D2}.Release|Any CPU.Deploy.0 = Release|iPhoneSimulator
		{67CA939C-0975-4D22-856C-E9B5A24755D2}.Release|iPhone.ActiveCfg = Release|iPhone
		{67CA939C-0975-4D22-856C-E9B5A24755D2}.Release|iPhone.Build.0 = Release|iPhone
		{67CA939C-0975-4D22-856C-E9B5A24755D2}.Release|iPhone.Deploy.0 = Release|iPhone
		{67CA939C-0975-4D22-856C-E9B5A24755D2}.Release|iPhoneSimulator.ActiveCfg = Release|iPhoneSimulator
		{67CA939C-0975-4D22-856C-E9B5A24755D2}.Release|iPhoneSimulator.Build.0 = Release|iPhoneSimulator
		{67CA939C-0975-4D22-856C-E9B5A24755D2}.Release|iPhoneSimulator.Deploy.0 = Release|iPhoneSimulator
		{A85410FE-F776-4760-AD75-B89D23A4E4F9}.Debug|Any CPU.ActiveCfg = Debug|Any CPU
		{A85410FE-F776-4760-AD75-B89D23A4E4F9}.Debug|Any CPU.Build.0 = Debug|Any CPU
		{A85410FE-F776-4760-AD75-B89D23A4E4F9}.Debug|Any CPU.Deploy.0 = Debug|Any CPU
		{A85410FE-F776-4760-AD75-B89D23A4E4F9}.Debug|iPhone.ActiveCfg = Debug|Any CPU
		{A85410FE-F776-4760-AD75-B89D23A4E4F9}.Debug|iPhone.Build.0 = Debug|Any CPU
		{A85410FE-F776-4760-AD75-B89D23A4E4F9}.Debug|iPhone.Deploy.0 = Debug|Any CPU
		{A85410FE-F776-4760-AD75-B89D23A4E4F9}.Debug|iPhoneSimulator.ActiveCfg = Debug|Any CPU
		{A85410FE-F776-4760-AD75-B89D23A4E4F9}.Debug|iPhoneSimulator.Build.0 = Debug|Any CPU
		{A85410FE-F776-4760-AD75-B89D23A4E4F9}.Debug|iPhoneSimulator.Deploy.0 = Debug|Any CPU
		{A85410FE-F776-4760-AD75-B89D23A4E4F9}.Release|Any CPU.ActiveCfg = Release|Any CPU
		{A85410FE-F776-4760-AD75-B89D23A4E4F9}.Release|Any CPU.Build.0 = Release|Any CPU
		{A85410FE-F776-4760-AD75-B89D23A4E4F9}.Release|Any CPU.Deploy.0 = Release|Any CPU
		{A85410FE-F776-4760-AD75-B89D23A4E4F9}.Release|iPhone.ActiveCfg = Release|Any CPU
		{A85410FE-F776-4760-AD75-B89D23A4E4F9}.Release|iPhone.Build.0 = Release|Any CPU
		{A85410FE-F776-4760-AD75-B89D23A4E4F9}.Release|iPhone.Deploy.0 = Release|Any CPU
		{A85410FE-F776-4760-AD75-B89D23A4E4F9}.Release|iPhoneSimulator.ActiveCfg = Release|Any CPU
		{A85410FE-F776-4760-AD75-B89D23A4E4F9}.Release|iPhoneSimulator.Build.0 = Release|Any CPU
		{A85410FE-F776-4760-AD75-B89D23A4E4F9}.Release|iPhoneSimulator.Deploy.0 = Release|Any CPU
	EndGlobalSection
	GlobalSection(SolutionProperties) = preSolution
		HideSolutionNode = FALSE
	EndGlobalSection
	GlobalSection(ExtensibilityGlobals) = postSolution
		SolutionGuid = {213E9774-82E3-4DD3-B748-CCB9703BEC2A}
	EndGlobalSection
EndGlobal
